
Microsoft Visual Studio Solution File, Format Version 12.00
# Visual Studio Version 16
VisualStudioVersion = 16.0.31424.327
MinimumVisualStudioVersion = 10.0.40219.1
Project("{FAE04EC0-301F-11D3-BF4B-00C04F79EFBC}") = "TestJwtBearerToken", "TestJwtBearerToken\TestJwtBearerToken.csproj", "{79073527-6BA2-4C97-B23F-2FB176B8BC9C}"
EndProject
Global
	GlobalSection(SolutionConfigurationPlatforms) = preSolution
		Debug|Any CPU = Debug|Any CPU
		Release|Any CPU = Release|Any CPU
	EndGlobalSection
	GlobalSection(ProjectConfigurationPlatforms) = postSolution
		{79073527-6BA2-4C97-B23F-2FB176B8BC9C}.Debug|Any CPU.ActiveCfg = Debug|Any CPU
		{79073527-6BA2-4C97-B23F-2FB176B8BC9C}.Debug|Any CPU.Build.0 = Debug|Any CPU
		{79073527-6BA2-4C97-B23F-2FB176B8BC9C}.Release|Any CPU.ActiveCfg = Release|Any CPU
		{79073527-6BA2-4C97-B23F-2FB176B8BC9C}.Release|Any CPU.Build.0 = Release|Any CPU
	EndGlobalSection
	GlobalSection(SolutionProperties) = preSolution
		HideSolutionNode = FALSE
	EndGlobalSection
	GlobalSection(ExtensibilityGlobals) = postSolution
		SolutionGuid = {99994E73-479B-4A00-BCEF-214D0096A8F9}
	EndGlobalSection
EndGlobal
